// !$*UTF8*$!
{
	archiveVersion = 1;
	classes = {
	};
	objectVersion = 46;
	objects = {

/* Begin PBXBuildFile section */
		8059BD4F1B3E8F9300A029D1 /* CreatePostViewController.m in Sources */ = {isa = PBXBuildFile; fileRef = 8059BD4E1B3E8F9300A029D1 /* CreatePostViewController.m */; };
		8059BD521B3E9B2400A029D1 /* ViewPostViewController.m in Sources */ = {isa = PBXBuildFile; fileRef = 8059BD511B3E9B2400A029D1 /* ViewPostViewController.m */; };
		8059BD551B3E9BF000A029D1 /* FeedPost.m in Sources */ = {isa = PBXBuildFile; fileRef = 8059BD541B3E9BF000A029D1 /* FeedPost.m */; };
		8059BD581B3EA19800A029D1 /* Feed.m in Sources */ = {isa = PBXBuildFile; fileRef = 8059BD571B3EA19800A029D1 /* Feed.m */; };
		80B0B9AE1B3C4B270018CBAF /* EditProfileViewController.m in Sources */ = {isa = PBXBuildFile; fileRef = 80B0B9AD1B3C4B270018CBAF /* EditProfileViewController.m */; };
		80B0B9B11B3C4D5C0018CBAF /* Users.m in Sources */ = {isa = PBXBuildFile; fileRef = 80B0B9B01B3C4D5C0018CBAF /* Users.m */; };
		80B0B9B91B3E67500018CBAF /* ViewProfileViewController.m in Sources */ = {isa = PBXBuildFile; fileRef = 80B0B9B81B3E67500018CBAF /* ViewProfileViewController.m */; };
		80B0B9C31B3E6AC60018CBAF /* Main.storyboard in Resources */ = {isa = PBXBuildFile; fileRef = 80B0B9C21B3E6AC60018CBAF /* Main.storyboard */; };
		80EE167C1B3BD9BE00FC983F /* main.m in Sources */ = {isa = PBXBuildFile; fileRef = 80EE167B1B3BD9BE00FC983F /* main.m */; };
		80EE167F1B3BD9BE00FC983F /* AppDelegate.m in Sources */ = {isa = PBXBuildFile; fileRef = 80EE167E1B3BD9BE00FC983F /* AppDelegate.m */; };
		80EE16821B3BD9BE00FC983F /* LoginViewController.m in Sources */ = {isa = PBXBuildFile; fileRef = 80EE16811B3BD9BE00FC983F /* LoginViewController.m */; };
		80EE16871B3BD9BE00FC983F /* Images.xcassets in Resources */ = {isa = PBXBuildFile; fileRef = 80EE16861B3BD9BE00FC983F /* Images.xcassets */; };
		80EE168A1B3BD9BE00FC983F /* LaunchScreen.xib in Resources */ = {isa = PBXBuildFile; fileRef = 80EE16881B3BD9BE00FC983F /* LaunchScreen.xib */; };
		80EE16961B3BD9BE00FC983F /* iOS_CourseTests.m in Sources */ = {isa = PBXBuildFile; fileRef = 80EE16951B3BD9BE00FC983F /* iOS_CourseTests.m */; };
		80EE16A11B3BDACA00FC983F /* Bolts.framework in Frameworks */ = {isa = PBXBuildFile; fileRef = 80EE16A01B3BDACA00FC983F /* Bolts.framework */; };
		80EE16A31B3BDAD700FC983F /* Parse.framework in Frameworks */ = {isa = PBXBuildFile; fileRef = 80EE16A21B3BDAD700FC983F /* Parse.framework */; };
		80EE16A51B3BDB1C00FC983F /* Accounts.framework in Frameworks */ = {isa = PBXBuildFile; fileRef = 80EE16A41B3BDB1C00FC983F /* Accounts.framework */; };
		80EE16A71B3BDB2600FC983F /* AudioToolbox.framework in Frameworks */ = {isa = PBXBuildFile; fileRef = 80EE16A61B3BDB2600FC983F /* AudioToolbox.framework */; };
		80EE16A91B3BDB3000FC983F /* CFNetwork.framework in Frameworks */ = {isa = PBXBuildFile; fileRef = 80EE16A81B3BDB3000FC983F /* CFNetwork.framework */; };
		80EE16AB1B3BDB3B00FC983F /* CoreGraphics.framework in Frameworks */ = {isa = PBXBuildFile; fileRef = 80EE16AA1B3BDB3B00FC983F /* CoreGraphics.framework */; };
		80EE16AD1B3BDB4300FC983F /* CoreLocation.framework in Frameworks */ = {isa = PBXBuildFile; fileRef = 80EE16AC1B3BDB4300FC983F /* CoreLocation.framework */; };
		80EE16AF1B3BDB4B00FC983F /* MobileCoreServices.framework in Frameworks */ = {isa = PBXBuildFile; fileRef = 80EE16AE1B3BDB4B00FC983F /* MobileCoreServices.framework */; };
		80EE16B11B3BDB5300FC983F /* QuartzCore.framework in Frameworks */ = {isa = PBXBuildFile; fileRef = 80EE16B01B3BDB5300FC983F /* QuartzCore.framework */; };
		80EE16B31B3BDB6100FC983F /* Security.framework in Frameworks */ = {isa = PBXBuildFile; fileRef = 80EE16B21B3BDB6100FC983F /* Security.framework */; };
		80EE16B51B3BDB6F00FC983F /* Social.framework in Frameworks */ = {isa = PBXBuildFile; fileRef = 80EE16B41B3BDB6F00FC983F /* Social.framework */; };
		80EE16B71B3BDB7700FC983F /* StoreKit.framework in Frameworks */ = {isa = PBXBuildFile; fileRef = 80EE16B61B3BDB7700FC983F /* StoreKit.framework */; };
		80EE16B91B3BDB8200FC983F /* SystemConfiguration.framework in Frameworks */ = {isa = PBXBuildFile; fileRef = 80EE16B81B3BDB8200FC983F /* SystemConfiguration.framework */; };
		80EE16BB1B3BDB8C00FC983F /* libz.dylib in Frameworks */ = {isa = PBXBuildFile; fileRef = 80EE16BA1B3BDB8C00FC983F /* libz.dylib */; };
		80EE16BD1B3BDB9900FC983F /* libsqlite3.dylib in Frameworks */ = {isa = PBXBuildFile; fileRef = 80EE16BC1B3BDB9900FC983F /* libsqlite3.dylib */; };
		80EE16C01B3BE23C00FC983F /* SignUpViewController.m in Sources */ = {isa = PBXBuildFile; fileRef = 80EE16BF1B3BE23C00FC983F /* SignUpViewController.m */; };
		80EE16C81B3C166D00FC983F /* FeedTableViewController.m in Sources */ = {isa = PBXBuildFile; fileRef = 80EE16C71B3C166D00FC983F /* FeedTableViewController.m */; };
		80EE16CB1B3C1A7300FC983F /* ClassmatesTableViewController.m in Sources */ = {isa = PBXBuildFile; fileRef = 80EE16CA1B3C1A7300FC983F /* ClassmatesTableViewController.m */; };
		80EE16CF1B3C1C0D00FC983F /* User.m in Sources */ = {isa = PBXBuildFile; fileRef = 80EE16CE1B3C1C0D00FC983F /* User.m */; };
/* End PBXBuildFile section */

/* Begin PBXContainerItemProxy section */
		80EE16901B3BD9BE00FC983F /* PBXContainerItemProxy */ = {
			isa = PBXContainerItemProxy;
			containerPortal = 80EE166E1B3BD9BD00FC983F /* Project object */;
			proxyType = 1;
			remoteGlobalIDString = 80EE16751B3BD9BE00FC983F;
			remoteInfo = "iOS-Course";
		};
/* End PBXContainerItemProxy section */

/* Begin PBXFileReference section */
		8059BD4D1B3E8F9300A029D1 /* CreatePostViewController.h */ = {isa = PBXFileReference; fileEncoding = 4; lastKnownFileType = sourcecode.c.h; path = CreatePostViewController.h; sourceTree = "<group>"; };
		8059BD4E1B3E8F9300A029D1 /* CreatePostViewController.m */ = {isa = PBXFileReference; fileEncoding = 4; lastKnownFileType = sourcecode.c.objc; path = CreatePostViewController.m; sourceTree = "<group>"; };
		8059BD501B3E9B2400A029D1 /* ViewPostViewController.h */ = {isa = PBXFileReference; fileEncoding = 4; lastKnownFileType = sourcecode.c.h; path = ViewPostViewController.h; sourceTree = "<group>"; };
		8059BD511B3E9B2400A029D1 /* ViewPostViewController.m */ = {isa = PBXFileReference; fileEncoding = 4; lastKnownFileType = sourcecode.c.objc; path = ViewPostViewController.m; sourceTree = "<group>"; };
		8059BD531B3E9BF000A029D1 /* FeedPost.h */ = {isa = PBXFileReference; fileEncoding = 4; lastKnownFileType = sourcecode.c.h; path = FeedPost.h; sourceTree = "<group>"; };
		8059BD541B3E9BF000A029D1 /* FeedPost.m */ = {isa = PBXFileReference; fileEncoding = 4; lastKnownFileType = sourcecode.c.objc; path = FeedPost.m; sourceTree = "<group>"; };
		8059BD561B3EA19800A029D1 /* Feed.h */ = {isa = PBXFileReference; fileEncoding = 4; lastKnownFileType = sourcecode.c.h; path = Feed.h; sourceTree = "<group>"; };
		8059BD571B3EA19800A029D1 /* Feed.m */ = {isa = PBXFileReference; fileEncoding = 4; lastKnownFileType = sourcecode.c.objc; path = Feed.m; sourceTree = "<group>"; };
		80B0B9AC1B3C4B270018CBAF /* EditProfileViewController.h */ = {isa = PBXFileReference; fileEncoding = 4; lastKnownFileType = sourcecode.c.h; path = EditProfileViewController.h; sourceTree = "<group>"; };
		80B0B9AD1B3C4B270018CBAF /* EditProfileViewController.m */ = {isa = PBXFileReference; fileEncoding = 4; lastKnownFileType = sourcecode.c.objc; path = EditProfileViewController.m; sourceTree = "<group>"; };
		80B0B9AF1B3C4D5C0018CBAF /* Users.h */ = {isa = PBXFileReference; fileEncoding = 4; lastKnownFileType = sourcecode.c.h; path = Users.h; sourceTree = "<group>"; };
		80B0B9B01B3C4D5C0018CBAF /* Users.m */ = {isa = PBXFileReference; fileEncoding = 4; lastKnownFileType = sourcecode.c.objc; path = Users.m; sourceTree = "<group>"; };
		80B0B9B71B3E67500018CBAF /* ViewProfileViewController.h */ = {isa = PBXFileReference; fileEncoding = 4; lastKnownFileType = sourcecode.c.h; path = ViewProfileViewController.h; sourceTree = "<group>"; };
		80B0B9B81B3E67500018CBAF /* ViewProfileViewController.m */ = {isa = PBXFileReference; fileEncoding = 4; lastKnownFileType = sourcecode.c.objc; path = ViewProfileViewController.m; sourceTree = "<group>"; };
		80B0B9C21B3E6AC60018CBAF /* Main.storyboard */ = {isa = PBXFileReference; fileEncoding = 4; lastKnownFileType = file.storyboard; path = Main.storyboard; sourceTree = "<group>"; };
		80EE16761B3BD9BE00FC983F /* iOS-Course.app */ = {isa = PBXFileReference; explicitFileType = wrapper.application; includeInIndex = 0; path = "iOS-Course.app"; sourceTree = BUILT_PRODUCTS_DIR; };
		80EE167A1B3BD9BE00FC983F /* Info.plist */ = {isa = PBXFileReference; lastKnownFileType = text.plist.xml; path = Info.plist; sourceTree = "<group>"; };
		80EE167B1B3BD9BE00FC983F /* main.m */ = {isa = PBXFileReference; lastKnownFileType = sourcecode.c.objc; path = main.m; sourceTree = "<group>"; };
		80EE167D1B3BD9BE00FC983F /* AppDelegate.h */ = {isa = PBXFileReference; lastKnownFileType = sourcecode.c.h; path = AppDelegate.h; sourceTree = "<group>"; };
		80EE167E1B3BD9BE00FC983F /* AppDelegate.m */ = {isa = PBXFileReference; lastKnownFileType = sourcecode.c.objc; path = AppDelegate.m; sourceTree = "<group>"; };
		80EE16801B3BD9BE00FC983F /* LoginViewController.h */ = {isa = PBXFileReference; lastKnownFileType = sourcecode.c.h; path = LoginViewController.h; sourceTree = "<group>"; };
		80EE16811B3BD9BE00FC983F /* LoginViewController.m */ = {isa = PBXFileReference; lastKnownFileType = sourcecode.c.objc; path = LoginViewController.m; sourceTree = "<group>"; };
		80EE16861B3BD9BE00FC983F /* Images.xcassets */ = {isa = PBXFileReference; lastKnownFileType = folder.assetcatalog; path = Images.xcassets; sourceTree = "<group>"; };
		80EE16891B3BD9BE00FC983F /* Base */ = {isa = PBXFileReference; lastKnownFileType = file.xib; name = Base; path = Base.lproj/LaunchScreen.xib; sourceTree = "<group>"; };
		80EE168F1B3BD9BE00FC983F /* iOS-CourseTests.xctest */ = {isa = PBXFileReference; explicitFileType = wrapper.cfbundle; includeInIndex = 0; path = "iOS-CourseTests.xctest"; sourceTree = BUILT_PRODUCTS_DIR; };
		80EE16941B3BD9BE00FC983F /* Info.plist */ = {isa = PBXFileReference; lastKnownFileType = text.plist.xml; path = Info.plist; sourceTree = "<group>"; };
		80EE16951B3BD9BE00FC983F /* iOS_CourseTests.m */ = {isa = PBXFileReference; lastKnownFileType = sourcecode.c.objc; path = iOS_CourseTests.m; sourceTree = "<group>"; };
		80EE16A01B3BDACA00FC983F /* Bolts.framework */ = {isa = PBXFileReference; lastKnownFileType = wrapper.framework; path = Bolts.framework; sourceTree = "<group>"; };
		80EE16A21B3BDAD700FC983F /* Parse.framework */ = {isa = PBXFileReference; lastKnownFileType = wrapper.framework; path = Parse.framework; sourceTree = "<group>"; };
		80EE16A41B3BDB1C00FC983F /* Accounts.framework */ = {isa = PBXFileReference; lastKnownFileType = wrapper.framework; name = Accounts.framework; path = System/Library/Frameworks/Accounts.framework; sourceTree = SDKROOT; };
		80EE16A61B3BDB2600FC983F /* AudioToolbox.framework */ = {isa = PBXFileReference; lastKnownFileType = wrapper.framework; name = AudioToolbox.framework; path = System/Library/Frameworks/AudioToolbox.framework; sourceTree = SDKROOT; };
		80EE16A81B3BDB3000FC983F /* CFNetwork.framework */ = {isa = PBXFileReference; lastKnownFileType = wrapper.framework; name = CFNetwork.framework; path = System/Library/Frameworks/CFNetwork.framework; sourceTree = SDKROOT; };
		80EE16AA1B3BDB3B00FC983F /* CoreGraphics.framework */ = {isa = PBXFileReference; lastKnownFileType = wrapper.framework; name = CoreGraphics.framework; path = System/Library/Frameworks/CoreGraphics.framework; sourceTree = SDKROOT; };
		80EE16AC1B3BDB4300FC983F /* CoreLocation.framework */ = {isa = PBXFileReference; lastKnownFileType = wrapper.framework; name = CoreLocation.framework; path = System/Library/Frameworks/CoreLocation.framework; sourceTree = SDKROOT; };
		80EE16AE1B3BDB4B00FC983F /* MobileCoreServices.framework */ = {isa = PBXFileReference; lastKnownFileType = wrapper.framework; name = MobileCoreServices.framework; path = System/Library/Frameworks/MobileCoreServices.framework; sourceTree = SDKROOT; };
		80EE16B01B3BDB5300FC983F /* QuartzCore.framework */ = {isa = PBXFileReference; lastKnownFileType = wrapper.framework; name = QuartzCore.framework; path = System/Library/Frameworks/QuartzCore.framework; sourceTree = SDKROOT; };
		80EE16B21B3BDB6100FC983F /* Security.framework */ = {isa = PBXFileReference; lastKnownFileType = wrapper.framework; name = Security.framework; path = System/Library/Frameworks/Security.framework; sourceTree = SDKROOT; };
		80EE16B41B3BDB6F00FC983F /* Social.framework */ = {isa = PBXFileReference; lastKnownFileType = wrapper.framework; name = Social.framework; path = System/Library/Frameworks/Social.framework; sourceTree = SDKROOT; };
		80EE16B61B3BDB7700FC983F /* StoreKit.framework */ = {isa = PBXFileReference; lastKnownFileType = wrapper.framework; name = StoreKit.framework; path = System/Library/Frameworks/StoreKit.framework; sourceTree = SDKROOT; };
		80EE16B81B3BDB8200FC983F /* SystemConfiguration.framework */ = {isa = PBXFileReference; lastKnownFileType = wrapper.framework; name = SystemConfiguration.framework; path = System/Library/Frameworks/SystemConfiguration.framework; sourceTree = SDKROOT; };
		80EE16BA1B3BDB8C00FC983F /* libz.dylib */ = {isa = PBXFileReference; lastKnownFileType = "compiled.mach-o.dylib"; name = libz.dylib; path = usr/lib/libz.dylib; sourceTree = SDKROOT; };
		80EE16BC1B3BDB9900FC983F /* libsqlite3.dylib */ = {isa = PBXFileReference; lastKnownFileType = "compiled.mach-o.dylib"; name = libsqlite3.dylib; path = usr/lib/libsqlite3.dylib; sourceTree = SDKROOT; };
		80EE16BE1B3BE23C00FC983F /* SignUpViewController.h */ = {isa = PBXFileReference; fileEncoding = 4; lastKnownFileType = sourcecode.c.h; path = SignUpViewController.h; sourceTree = "<group>"; };
		80EE16BF1B3BE23C00FC983F /* SignUpViewController.m */ = {isa = PBXFileReference; fileEncoding = 4; lastKnownFileType = sourcecode.c.objc; path = SignUpViewController.m; sourceTree = "<group>"; };
		80EE16C61B3C166D00FC983F /* FeedTableViewController.h */ = {isa = PBXFileReference; fileEncoding = 4; lastKnownFileType = sourcecode.c.h; path = FeedTableViewController.h; sourceTree = "<group>"; };
		80EE16C71B3C166D00FC983F /* FeedTableViewController.m */ = {isa = PBXFileReference; fileEncoding = 4; lastKnownFileType = sourcecode.c.objc; path = FeedTableViewController.m; sourceTree = "<group>"; };
		80EE16C91B3C1A7300FC983F /* ClassmatesTableViewController.h */ = {isa = PBXFileReference; fileEncoding = 4; lastKnownFileType = sourcecode.c.h; path = ClassmatesTableViewController.h; sourceTree = "<group>"; };
		80EE16CA1B3C1A7300FC983F /* ClassmatesTableViewController.m */ = {isa = PBXFileReference; fileEncoding = 4; lastKnownFileType = sourcecode.c.objc; path = ClassmatesTableViewController.m; sourceTree = "<group>"; };
		80EE16CD1B3C1C0D00FC983F /* User.h */ = {isa = PBXFileReference; fileEncoding = 4; lastKnownFileType = sourcecode.c.h; path = User.h; sourceTree = "<group>"; };
		80EE16CE1B3C1C0D00FC983F /* User.m */ = {isa = PBXFileReference; fileEncoding = 4; lastKnownFileType = sourcecode.c.objc; path = User.m; sourceTree = "<group>"; };
/* End PBXFileReference section */

/* Begin PBXFrameworksBuildPhase section */
		80EE16731B3BD9BE00FC983F /* Frameworks */ = {
			isa = PBXFrameworksBuildPhase;
			buildActionMask = 2147483647;
			files = (
				80EE16BD1B3BDB9900FC983F /* libsqlite3.dylib in Frameworks */,
				80EE16BB1B3BDB8C00FC983F /* libz.dylib in Frameworks */,
				80EE16B91B3BDB8200FC983F /* SystemConfiguration.framework in Frameworks */,
				80EE16B71B3BDB7700FC983F /* StoreKit.framework in Frameworks */,
				80EE16B51B3BDB6F00FC983F /* Social.framework in Frameworks */,
				80EE16B31B3BDB6100FC983F /* Security.framework in Frameworks */,
				80EE16B11B3BDB5300FC983F /* QuartzCore.framework in Frameworks */,
				80EE16AF1B3BDB4B00FC983F /* MobileCoreServices.framework in Frameworks */,
				80EE16AD1B3BDB4300FC983F /* CoreLocation.framework in Frameworks */,
				80EE16AB1B3BDB3B00FC983F /* CoreGraphics.framework in Frameworks */,
				80EE16A91B3BDB3000FC983F /* CFNetwork.framework in Frameworks */,
				80EE16A71B3BDB2600FC983F /* AudioToolbox.framework in Frameworks */,
				80EE16A51B3BDB1C00FC983F /* Accounts.framework in Frameworks */,
				80EE16A31B3BDAD700FC983F /* Parse.framework in Frameworks */,
				80EE16A11B3BDACA00FC983F /* Bolts.framework in Frameworks */,
			);
			runOnlyForDeploymentPostprocessing = 0;
		};
		80EE168C1B3BD9BE00FC983F /* Frameworks */ = {
			isa = PBXFrameworksBuildPhase;
			buildActionMask = 2147483647;
			files = (
			);
			runOnlyForDeploymentPostprocessing = 0;
		};
/* End PBXFrameworksBuildPhase section */

/* Begin PBXGroup section */
		80B0B9B51B3E666E0018CBAF /* Account-Views */ = {
			isa = PBXGroup;
			children = (
				80EE16801B3BD9BE00FC983F /* LoginViewController.h */,
				80EE16811B3BD9BE00FC983F /* LoginViewController.m */,
				80EE16BE1B3BE23C00FC983F /* SignUpViewController.h */,
				80EE16BF1B3BE23C00FC983F /* SignUpViewController.m */,
			);
			name = "Account-Views";
			sourceTree = "<group>";
		};
		80B0B9B61B3E66C20018CBAF /* Tab-Views */ = {
			isa = PBXGroup;
			children = (
				80EE16C61B3C166D00FC983F /* FeedTableViewController.h */,
				80EE16C71B3C166D00FC983F /* FeedTableViewController.m */,
				8059BD4D1B3E8F9300A029D1 /* CreatePostViewController.h */,
				8059BD4E1B3E8F9300A029D1 /* CreatePostViewController.m */,
				8059BD501B3E9B2400A029D1 /* ViewPostViewController.h */,
				8059BD511B3E9B2400A029D1 /* ViewPostViewController.m */,
				80EE16C91B3C1A7300FC983F /* ClassmatesTableViewController.h */,
				80EE16CA1B3C1A7300FC983F /* ClassmatesTableViewController.m */,
				80B0B9B71B3E67500018CBAF /* ViewProfileViewController.h */,
				80B0B9B81B3E67500018CBAF /* ViewProfileViewController.m */,
				80B0B9AC1B3C4B270018CBAF /* EditProfileViewController.h */,
				80B0B9AD1B3C4B270018CBAF /* EditProfileViewController.m */,
			);
			name = "Tab-Views";
			sourceTree = "<group>";
		};
		80EE166D1B3BD9BD00FC983F = {
			isa = PBXGroup;
			children = (
				80EE16781B3BD9BE00FC983F /* iOS-Course */,
				80EE16921B3BD9BE00FC983F /* iOS-CourseTests */,
				80EE16771B3BD9BE00FC983F /* Products */,
				80EE169F1B3BDAA100FC983F /* Frameworks */,
			);
			sourceTree = "<group>";
		};
		80EE16771B3BD9BE00FC983F /* Products */ = {
			isa = PBXGroup;
			children = (
				80EE16761B3BD9BE00FC983F /* iOS-Course.app */,
				80EE168F1B3BD9BE00FC983F /* iOS-CourseTests.xctest */,
			);
			name = Products;
			sourceTree = "<group>";
		};
		80EE16781B3BD9BE00FC983F /* iOS-Course */ = {
			isa = PBXGroup;
			children = (
				80EE167D1B3BD9BE00FC983F /* AppDelegate.h */,
				80EE167E1B3BD9BE00FC983F /* AppDelegate.m */,
				80EE16CC1B3C1BDC00FC983F /* Model */,
				80B0B9B51B3E666E0018CBAF /* Account-Views */,
				80B0B9B61B3E66C20018CBAF /* Tab-Views */,
				80EE16861B3BD9BE00FC983F /* Images.xcassets */,
				80EE16881B3BD9BE00FC983F /* LaunchScreen.xib */,
				80B0B9C21B3E6AC60018CBAF /* Main.storyboard */,
				80EE16791B3BD9BE00FC983F /* Supporting Files */,
			);
			path = "iOS-Course";
			sourceTree = "<group>";
		};
		80EE16791B3BD9BE00FC983F /* Supporting Files */ = {
			isa = PBXGroup;
			children = (
				80EE167A1B3BD9BE00FC983F /* Info.plist */,
				80EE167B1B3BD9BE00FC983F /* main.m */,
			);
			name = "Supporting Files";
			sourceTree = "<group>";
		};
		80EE16921B3BD9BE00FC983F /* iOS-CourseTests */ = {
			isa = PBXGroup;
			children = (
				80EE16951B3BD9BE00FC983F /* iOS_CourseTests.m */,
				80EE16931B3BD9BE00FC983F /* Supporting Files */,
			);
			path = "iOS-CourseTests";
			sourceTree = "<group>";
		};
		80EE16931B3BD9BE00FC983F /* Supporting Files */ = {
			isa = PBXGroup;
			children = (
				80EE16941B3BD9BE00FC983F /* Info.plist */,
			);
			name = "Supporting Files";
			sourceTree = "<group>";
		};
		80EE169F1B3BDAA100FC983F /* Frameworks */ = {
			isa = PBXGroup;
			children = (
				80EE16BC1B3BDB9900FC983F /* libsqlite3.dylib */,
				80EE16BA1B3BDB8C00FC983F /* libz.dylib */,
				80EE16B81B3BDB8200FC983F /* SystemConfiguration.framework */,
				80EE16B61B3BDB7700FC983F /* StoreKit.framework */,
				80EE16B41B3BDB6F00FC983F /* Social.framework */,
				80EE16B21B3BDB6100FC983F /* Security.framework */,
				80EE16B01B3BDB5300FC983F /* QuartzCore.framework */,
				80EE16AE1B3BDB4B00FC983F /* MobileCoreServices.framework */,
				80EE16AC1B3BDB4300FC983F /* CoreLocation.framework */,
				80EE16AA1B3BDB3B00FC983F /* CoreGraphics.framework */,
				80EE16A81B3BDB3000FC983F /* CFNetwork.framework */,
				80EE16A61B3BDB2600FC983F /* AudioToolbox.framework */,
				80EE16A41B3BDB1C00FC983F /* Accounts.framework */,
				80EE16A21B3BDAD700FC983F /* Parse.framework */,
				80EE16A01B3BDACA00FC983F /* Bolts.framework */,
			);
			name = Frameworks;
			sourceTree = "<group>";
		};
		80EE16CC1B3C1BDC00FC983F /* Model */ = {
			isa = PBXGroup;
			children = (
				80EE16CD1B3C1C0D00FC983F /* User.h */,
				80EE16CE1B3C1C0D00FC983F /* User.m */,
				80B0B9AF1B3C4D5C0018CBAF /* Users.h */,
				80B0B9B01B3C4D5C0018CBAF /* Users.m */,
				8059BD561B3EA19800A029D1 /* Feed.h */,
				8059BD571B3EA19800A029D1 /* Feed.m */,
				8059BD531B3E9BF000A029D1 /* FeedPost.h */,
				8059BD541B3E9BF000A029D1 /* FeedPost.m */,
			);
			name = Model;
			sourceTree = "<group>";
		};
/* End PBXGroup section */

/* Begin PBXNativeTarget section */
		80EE16751B3BD9BE00FC983F /* iOS-Course */ = {
			isa = PBXNativeTarget;
			buildConfigurationList = 80EE16991B3BD9BE00FC983F /* Build configuration list for PBXNativeTarget "iOS-Course" */;
			buildPhases = (
				80EE16721B3BD9BE00FC983F /* Sources */,
				80EE16731B3BD9BE00FC983F /* Frameworks */,
				80EE16741B3BD9BE00FC983F /* Resources */,
			);
			buildRules = (
			);
			dependencies = (
			);
			name = "iOS-Course";
			productName = "iOS-Course";
			productReference = 80EE16761B3BD9BE00FC983F /* iOS-Course.app */;
			productType = "com.apple.product-type.application";
		};
		80EE168E1B3BD9BE00FC983F /* iOS-CourseTests */ = {
			isa = PBXNativeTarget;
			buildConfigurationList = 80EE169C1B3BD9BE00FC983F /* Build configuration list for PBXNativeTarget "iOS-CourseTests" */;
			buildPhases = (
				80EE168B1B3BD9BE00FC983F /* Sources */,
				80EE168C1B3BD9BE00FC983F /* Frameworks */,
				80EE168D1B3BD9BE00FC983F /* Resources */,
			);
			buildRules = (
			);
			dependencies = (
				80EE16911B3BD9BE00FC983F /* PBXTargetDependency */,
			);
			name = "iOS-CourseTests";
			productName = "iOS-CourseTests";
			productReference = 80EE168F1B3BD9BE00FC983F /* iOS-CourseTests.xctest */;
			productType = "com.apple.product-type.bundle.unit-test";
		};
/* End PBXNativeTarget section */

/* Begin PBXProject section */
		80EE166E1B3BD9BD00FC983F /* Project object */ = {
			isa = PBXProject;
			attributes = {
				LastUpgradeCheck = 0630;
				ORGANIZATIONNAME = "Lukas Carvajal";
				TargetAttributes = {
					80EE16751B3BD9BE00FC983F = {
						CreatedOnToolsVersion = 6.3.2;
					};
					80EE168E1B3BD9BE00FC983F = {
						CreatedOnToolsVersion = 6.3.2;
						TestTargetID = 80EE16751B3BD9BE00FC983F;
					};
				};
			};
			buildConfigurationList = 80EE16711B3BD9BD00FC983F /* Build configuration list for PBXProject "iOS-Course" */;
			compatibilityVersion = "Xcode 3.2";
			developmentRegion = English;
			hasScannedForEncodings = 0;
			knownRegions = (
				en,
				Base,
			);
			mainGroup = 80EE166D1B3BD9BD00FC983F;
			productRefGroup = 80EE16771B3BD9BE00FC983F /* Products */;
			projectDirPath = "";
			projectRoot = "";
			targets = (
				80EE16751B3BD9BE00FC983F /* iOS-Course */,
				80EE168E1B3BD9BE00FC983F /* iOS-CourseTests */,
			);
		};
/* End PBXProject section */

/* Begin PBXResourcesBuildPhase section */
		80EE16741B3BD9BE00FC983F /* Resources */ = {
			isa = PBXResourcesBuildPhase;
			buildActionMask = 2147483647;
			files = (
				80B0B9C31B3E6AC60018CBAF /* Main.storyboard in Resources */,
				80EE168A1B3BD9BE00FC983F /* LaunchScreen.xib in Resources */,
				80EE16871B3BD9BE00FC983F /* Images.xcassets in Resources */,
			);
			runOnlyForDeploymentPostprocessing = 0;
		};
		80EE168D1B3BD9BE00FC983F /* Resources */ = {
			isa = PBXResourcesBuildPhase;
			buildActionMask = 2147483647;
			files = (
			);
			runOnlyForDeploymentPostprocessing = 0;
		};
/* End PBXResourcesBuildPhase section */

/* Begin PBXSourcesBuildPhase section */
		80EE16721B3BD9BE00FC983F /* Sources */ = {
			isa = PBXSourcesBuildPhase;
			buildActionMask = 2147483647;
			files = (
				80B0B9B11B3C4D5C0018CBAF /* Users.m in Sources */,
				80B0B9B91B3E67500018CBAF /* ViewProfileViewController.m in Sources */,
				8059BD4F1B3E8F9300A029D1 /* CreatePostViewController.m in Sources */,
				80EE16821B3BD9BE00FC983F /* LoginViewController.m in Sources */,
				80EE16CF1B3C1C0D00FC983F /* User.m in Sources */,
				8059BD551B3E9BF000A029D1 /* FeedPost.m in Sources */,
				80EE167F1B3BD9BE00FC983F /* AppDelegate.m in Sources */,
				80EE16C01B3BE23C00FC983F /* SignUpViewController.m in Sources */,
				8059BD521B3E9B2400A029D1 /* ViewPostViewController.m in Sources */,
				8059BD581B3EA19800A029D1 /* Feed.m in Sources */,
				80B0B9AE1B3C4B270018CBAF /* EditProfileViewController.m in Sources */,
				80EE16CB1B3C1A7300FC983F /* ClassmatesTableViewController.m in Sources */,
				80EE167C1B3BD9BE00FC983F /* main.m in Sources */,
				80EE16C81B3C166D00FC983F /* FeedTableViewController.m in Sources */,
			);
			runOnlyForDeploymentPostprocessing = 0;
		};
		80EE168B1B3BD9BE00FC983F /* Sources */ = {
			isa = PBXSourcesBuildPhase;
			buildActionMask = 2147483647;
			files = (
				80EE16961B3BD9BE00FC983F /* iOS_CourseTests.m in Sources */,
			);
			runOnlyForDeploymentPostprocessing = 0;
		};
/* End PBXSourcesBuildPhase section */

/* Begin PBXTargetDependency section */
		80EE16911B3BD9BE00FC983F /* PBXTargetDependency */ = {
			isa = PBXTargetDependency;
			target = 80EE16751B3BD9BE00FC983F /* iOS-Course */;
			targetProxy = 80EE16901B3BD9BE00FC983F /* PBXContainerItemProxy */;
		};
/* End PBXTargetDependency section */

/* Begin PBXVariantGroup section */
		80EE16881B3BD9BE00FC983F /* LaunchScreen.xib */ = {
			isa = PBXVariantGroup;
			children = (
				80EE16891B3BD9BE00FC983F /* Base */,
			);
			name = LaunchScreen.xib;
			sourceTree = "<group>";
		};
/* End PBXVariantGroup section */

/* Begin XCBuildConfiguration section */
		80EE16971B3BD9BE00FC983F /* Debug */ = {
			isa = XCBuildConfiguration;
			buildSettings = {
				ALWAYS_SEARCH_USER_PATHS = NO;
				CLANG_CXX_LANGUAGE_STANDARD = "gnu++0x";
				CLANG_CXX_LIBRARY = "libc++";
				CLANG_ENABLE_MODULES = YES;
				CLANG_ENABLE_OBJC_ARC = YES;
				CLANG_WARN_BOOL_CONVERSION = YES;
				CLANG_WARN_CONSTANT_CONVERSION = YES;
				CLANG_WARN_DIRECT_OBJC_ISA_USAGE = YES_ERROR;
				CLANG_WARN_EMPTY_BODY = YES;
				CLANG_WARN_ENUM_CONVERSION = YES;
				CLANG_WARN_INT_CONVERSION = YES;
				CLANG_WARN_OBJC_ROOT_CLASS = YES_ERROR;
				CLANG_WARN_UNREACHABLE_CODE = YES;
				CLANG_WARN__DUPLICATE_METHOD_MATCH = YES;
				"CODE_SIGN_IDENTITY[sdk=iphoneos*]" = "iPhone Developer";
				COPY_PHASE_STRIP = NO;
				DEBUG_INFORMATION_FORMAT = "dwarf-with-dsym";
				ENABLE_STRICT_OBJC_MSGSEND = YES;
				GCC_C_LANGUAGE_STANDARD = gnu99;
				GCC_DYNAMIC_NO_PIC = NO;
				GCC_NO_COMMON_BLOCKS = YES;
				GCC_OPTIMIZATION_LEVEL = 0;
				GCC_PREPROCESSOR_DEFINITIONS = (
					"DEBUG=1",
					"$(inherited)",
				);
				GCC_SYMBOLS_PRIVATE_EXTERN = NO;
				GCC_WARN_64_TO_32_BIT_CONVERSION = YES;
				GCC_WARN_ABOUT_RETURN_TYPE = YES_ERROR;
				GCC_WARN_UNDECLARED_SELECTOR = YES;
				GCC_WARN_UNINITIALIZED_AUTOS = YES_AGGRESSIVE;
				GCC_WARN_UNUSED_FUNCTION = YES;
				GCC_WARN_UNUSED_VARIABLE = YES;
				IPHONEOS_DEPLOYMENT_TARGET = 8.3;
				MTL_ENABLE_DEBUG_INFO = YES;
				ONLY_ACTIVE_ARCH = YES;
				SDKROOT = iphoneos;
			};
			name = Debug;
		};
		80EE16981B3BD9BE00FC983F /* Release */ = {
			isa = XCBuildConfiguration;
			buildSettings = {
				ALWAYS_SEARCH_USER_PATHS = NO;
				CLANG_CXX_LANGUAGE_STANDARD = "gnu++0x";
				CLANG_CXX_LIBRARY = "libc++";
				CLANG_ENABLE_MODULES = YES;
				CLANG_ENABLE_OBJC_ARC = YES;
				CLANG_WARN_BOOL_CONVERSION = YES;
				CLANG_WARN_CONSTANT_CONVERSION = YES;
				CLANG_WARN_DIRECT_OBJC_ISA_USAGE = YES_ERROR;
				CLANG_WARN_EMPTY_BODY = YES;
				CLANG_WARN_ENUM_CONVERSION = YES;
				CLANG_WARN_INT_CONVERSION = YES;
				CLANG_WARN_OBJC_ROOT_CLASS = YES_ERROR;
				CLANG_WARN_UNREACHABLE_CODE = YES;
				CLANG_WARN__DUPLICATE_METHOD_MATCH = YES;
				"CODE_SIGN_IDENTITY[sdk=iphoneos*]" = "iPhone Developer";
				COPY_PHASE_STRIP = NO;
				DEBUG_INFORMATION_FORMAT = "dwarf-with-dsym";
				ENABLE_NS_ASSERTIONS = NO;
				ENABLE_STRICT_OBJC_MSGSEND = YES;
				GCC_C_LANGUAGE_STANDARD = gnu99;
				GCC_NO_COMMON_BLOCKS = YES;
				GCC_WARN_64_TO_32_BIT_CONVERSION = YES;
				GCC_WARN_ABOUT_RETURN_TYPE = YES_ERROR;
				GCC_WARN_UNDECLARED_SELECTOR = YES;
				GCC_WARN_UNINITIALIZED_AUTOS = YES_AGGRESSIVE;
				GCC_WARN_UNUSED_FUNCTION = YES;
				GCC_WARN_UNUSED_VARIABLE = YES;
				IPHONEOS_DEPLOYMENT_TARGET = 8.3;
				MTL_ENABLE_DEBUG_INFO = NO;
				SDKROOT = iphoneos;
				VALIDATE_PRODUCT = YES;
			};
			name = Release;
		};
		80EE169A1B3BD9BE00FC983F /* Debug */ = {
			isa = XCBuildConfiguration;
			buildSettings = {
				ASSETCATALOG_COMPILER_APPICON_NAME = AppIcon;
				FRAMEWORK_SEARCH_PATHS = (
					"$(inherited)",
					"$(PROJECT_DIR)",
				);
				INFOPLIST_FILE = "iOS-Course/Info.plist";
				LD_RUNPATH_SEARCH_PATHS = "$(inherited) @executable_path/Frameworks";
				PRODUCT_NAME = "$(TARGET_NAME)";
			};
			name = Debug;
		};
		80EE169B1B3BD9BE00FC983F /* Release */ = {
			isa = XCBuildConfiguration;
			buildSettings = {
				ASSETCATALOG_COMPILER_APPICON_NAME = AppIcon;
				FRAMEWORK_SEARCH_PATHS = (
					"$(inherited)",
					"$(PROJECT_DIR)",
				);
				INFOPLIST_FILE = "iOS-Course/Info.plist";
				LD_RUNPATH_SEARCH_PATHS = "$(inherited) @executable_path/Frameworks";
				PRODUCT_NAME = "$(TARGET_NAME)";
			};
			name = Release;
		};
		80EE169D1B3BD9BE00FC983F /* Debug */ = {
			isa = XCBuildConfiguration;
			buildSettings = {
				BUNDLE_LOADER = "$(TEST_HOST)";
				FRAMEWORK_SEARCH_PATHS = (
					"$(SDKROOT)/Developer/Library/Frameworks",
					"$(inherited)",
				);
				GCC_PREPROCESSOR_DEFINITIONS = (
					"DEBUG=1",
					"$(inherited)",
				);
				INFOPLIST_FILE = "iOS-CourseTests/Info.plist";
				LD_RUNPATH_SEARCH_PATHS = "$(inherited) @executable_path/Frameworks @loader_path/Frameworks";
				PRODUCT_NAME = "$(TARGET_NAME)";
				TEST_HOST = "$(BUILT_PRODUCTS_DIR)/iOS-Course.app/iOS-Course";
			};
			name = Debug;
		};
		80EE169E1B3BD9BE00FC983F /* Release */ = {
			isa = XCBuildConfiguration;
			buildSettings = {
				BUNDLE_LOADER = "$(TEST_HOST)";
				FRAMEWORK_SEARCH_PATHS = (
					"$(SDKROOT)/Developer/Library/Frameworks",
					"$(inherited)",
				);
				INFOPLIST_FILE = "iOS-CourseTests/Info.plist";
				LD_RUNPATH_SEARCH_PATHS = "$(inherited) @executable_path/Frameworks @loader_path/Frameworks";
				PRODUCT_NAME = "$(TARGET_NAME)";
				TEST_HOST = "$(BUILT_PRODUCTS_DIR)/iOS-Course.app/iOS-Course";
			};
			name = Release;
		};
/* End XCBuildConfiguration section */

/* Begin XCConfigurationList section */
		80EE16711B3BD9BD00FC983F /* Build configuration list for PBXProject "iOS-Course" */ = {
			isa = XCConfigurationList;
			buildConfigurations = (
				80EE16971B3BD9BE00FC983F /* Debug */,
				80EE16981B3BD9BE00FC983F /* Release */,
			);
			defaultConfigurationIsVisible = 0;
			defaultConfigurationName = Release;
		};
		80EE16991B3BD9BE00FC983F /* Build configuration list for PBXNativeTarget "iOS-Course" */ = {
			isa = XCConfigurationList;
			buildConfigurations = (
				80EE169A1B3BD9BE00FC983F /* Debug */,
				80EE169B1B3BD9BE00FC983F /* Release */,
			);
			defaultConfigurationIsVisible = 0;
			defaultConfigurationName = Release;
		};
		80EE169C1B3BD9BE00FC983F /* Build configuration list for PBXNativeTarget "iOS-CourseTests" */ = {
			isa = XCConfigurationList;
			buildConfigurations = (
				80EE169D1B3BD9BE00FC983F /* Debug */,
				80EE169E1B3BD9BE00FC983F /* Release */,
			);
			defaultConfigurationIsVisible = 0;
			defaultConfigurationName = Release;
		};
/* End XCConfigurationList section */
	};
	rootObject = 80EE166E1B3BD9BD00FC983F /* Project object */;
}
